
Microsoft Visual Studio Solution File, Format Version 12.00
# Visual Studio Version 17
VisualStudioVersion = 17.0.31903.59
MinimumVisualStudioVersion = 10.0.40219.1
Project("{2150E333-8FDC-42A3-9474-1A3956D46DE8}") = "src", "src", "{987979C8-F36A-4CED-A8C5-74BE47454399}"
EndProject
Project("{FAE04EC0-301F-11D3-BF4B-00C04F79EFBC}") = "Marloth.Core", "src\Marloth.Core\Marloth.Core.csproj", "{57871086-D3AF-4FD6-91A8-D5161524D538}"
EndProject
Project("{FAE04EC0-301F-11D3-BF4B-00C04F79EFBC}") = "Marloth.Client", "src\Marloth.Client\Marloth.Client.csproj", "{B8E21F4A-3C7D-4A91-9E52-1F6B8C0D2E3A}"
EndProject
Project("{FAE04EC0-301F-11D3-BF4B-00C04F79EFBC}") = "Marloth.Automation", "src\Marloth.Automation\Marloth.Automation.csproj", "{C9F32A5B-4D8E-4B02-8F63-2A7C9D1E4F4B}"
EndProject
Project("{FAE04EC0-301F-11D3-BF4B-00C04F79EFBC}") = "Marloth.Automation.Contracts", "src\Marloth.Automation.Contracts\Marloth.Automation.Contracts.csproj", "{D0A43B6C-5E9F-4C13-9064-3B8D0E2F506C}"
EndProject
Project("{2150E333-8FDC-42A3-9474-1A3956D46DE8}") = "tests", "tests", "{76F28BB7-0D43-433F-AF8B-49BAE2F1510F}"
EndProject
Project("{FAE04EC0-301F-11D3-BF4B-00C04F79EFBC}") = "Marloth.Core.Tests", "tests\unit\Marloth.Core.Tests\Marloth.Core.Tests.csproj", "{09A7AD13-37CA-4670-877E-51C4F954379A}"
EndProject
Project("{FAE04EC0-301F-11D3-BF4B-00C04F79EFBC}") = "Marloth.Functional.Tests", "tests\functional\Marloth.Functional.Tests\Marloth.Functional.Tests.csproj", "{E1B54C7D-6F0A-4D24-A175-4C9E1F30617D}"
EndProject
Project("{FAE04EC0-301F-11D3-BF4B-00C04F79EFBC}") = "Marloth.Functional.Godot.Playbooks", "tests\functional\Marloth.Functional.Godot.Playbooks\Marloth.Functional.Godot.Playbooks.csproj", "{F2C65D8E-701B-4E35-B286-5D0F2041728E}"
EndProject
Project("{FAE04EC0-301F-11D3-BF4B-00C04F79EFBC}") = "Marloth.Functional.Godot.Tests", "tests\functional\Marloth.Functional.Godot.Tests\Marloth.Functional.Godot.Tests.csproj", "{03D76E9F-812C-4F46-C397-6E103152839F}"
EndProject
Project("{FAE04EC0-301F-11D3-BF4B-00C04F79EFBC}") = "marloth", "marloth.csproj", "{56C7E1E5-6293-4C87-A731-AAA86CAFE796}"
EndProject
Global
	GlobalSection(SolutionConfigurationPlatforms) = preSolution
		Debug|Any CPU = Debug|Any CPU
		Release|Any CPU = Release|Any CPU
	EndGlobalSection
	GlobalSection(SolutionProperties) = preSolution
		HideSolutionNode = FALSE
	EndGlobalSection
	GlobalSection(ProjectConfigurationPlatforms) = postSolution
		{57871086-D3AF-4FD6-91A8-D5161524D538}.Debug|Any CPU.ActiveCfg = Debug|Any CPU
		{57871086-D3AF-4FD6-91A8-D5161524D538}.Debug|Any CPU.Build.0 = Debug|Any CPU
		{57871086-D3AF-4FD6-91A8-D5161524D538}.Release|Any CPU.ActiveCfg = Release|Any CPU
		{57871086-D3AF-4FD6-91A8-D5161524D538}.Release|Any CPU.Build.0 = Release|Any CPU
		{B8E21F4A-3C7D-4A91-9E52-1F6B8C0D2E3A}.Debug|Any CPU.ActiveCfg = Debug|Any CPU
		{B8E21F4A-3C7D-4A91-9E52-1F6B8C0D2E3A}.Debug|Any CPU.Build.0 = Debug|Any CPU
		{B8E21F4A-3C7D-4A91-9E52-1F6B8C0D2E3A}.Release|Any CPU.ActiveCfg = Release|Any CPU
		{B8E21F4A-3C7D-4A91-9E52-1F6B8C0D2E3A}.Release|Any CPU.Build.0 = Release|Any CPU
		{C9F32A5B-4D8E-4B02-8F63-2A7C9D1E4F4B}.Debug|Any CPU.ActiveCfg = Debug|Any CPU
		{C9F32A5B-4D8E-4B02-8F63-2A7C9D1E4F4B}.Debug|Any CPU.Build.0 = Debug|Any CPU
		{C9F32A5B-4D8E-4B02-8F63-2A7C9D1E4F4B}.Release|Any CPU.ActiveCfg = Release|Any CPU
		{C9F32A5B-4D8E-4B02-8F63-2A7C9D1E4F4B}.Release|Any CPU.Build.0 = Release|Any CPU
		{D0A43B6C-5E9F-4C13-9064-3B8D0E2F506C}.Debug|Any CPU.ActiveCfg = Debug|Any CPU
		{D0A43B6C-5E9F-4C13-9064-3B8D0E2F506C}.Debug|Any CPU.Build.0 = Debug|Any CPU
		{D0A43B6C-5E9F-4C13-9064-3B8D0E2F506C}.Release|Any CPU.ActiveCfg = Release|Any CPU
		{D0A43B6C-5E9F-4C13-9064-3B8D0E2F506C}.Release|Any CPU.Build.0 = Release|Any CPU
		{09A7AD13-37CA-4670-877E-51C4F954379A}.Debug|Any CPU.ActiveCfg = Debug|Any CPU
		{09A7AD13-37CA-4670-877E-51C4F954379A}.Debug|Any CPU.Build.0 = Debug|Any CPU
		{09A7AD13-37CA-4670-877E-51C4F954379A}.Release|Any CPU.ActiveCfg = Release|Any CPU
		{09A7AD13-37CA-4670-877E-51C4F954379A}.Release|Any CPU.Build.0 = Release|Any CPU
		{E1B54C7D-6F0A-4D24-A175-4C9E1F30617D}.Debug|Any CPU.ActiveCfg = Debug|Any CPU
		{E1B54C7D-6F0A-4D24-A175-4C9E1F30617D}.Debug|Any CPU.Build.0 = Debug|Any CPU
		{E1B54C7D-6F0A-4D24-A175-4C9E1F30617D}.Release|Any CPU.ActiveCfg = Release|Any CPU
		{E1B54C7D-6F0A-4D24-A175-4C9E1F30617D}.Release|Any CPU.Build.0 = Release|Any CPU
		{F2C65D8E-701B-4E35-B286-5D0F2041728E}.Debug|Any CPU.ActiveCfg = Debug|Any CPU
		{F2C65D8E-701B-4E35-B286-5D0F2041728E}.Debug|Any CPU.Build.0 = Debug|Any CPU
		{F2C65D8E-701B-4E35-B286-5D0F2041728E}.Release|Any CPU.ActiveCfg = Release|Any CPU
		{F2C65D8E-701B-4E35-B286-5D0F2041728E}.Release|Any CPU.Build.0 = Release|Any CPU
		{03D76E9F-812C-4F46-C397-6E103152839F}.Debug|Any CPU.ActiveCfg = Debug|Any CPU
		{03D76E9F-812C-4F46-C397-6E103152839F}.Debug|Any CPU.Build.0 = Debug|Any CPU
		{03D76E9F-812C-4F46-C397-6E103152839F}.Release|Any CPU.ActiveCfg = Release|Any CPU
		{03D76E9F-812C-4F46-C397-6E103152839F}.Release|Any CPU.Build.0 = Release|Any CPU
		{56C7E1E5-6293-4C87-A731-AAA86CAFE796}.Debug|Any CPU.ActiveCfg = Debug|Any CPU
		{56C7E1E5-6293-4C87-A731-AAA86CAFE796}.Debug|Any CPU.Build.0 = Debug|Any CPU
		{56C7E1E5-6293-4C87-A731-AAA86CAFE796}.Release|Any CPU.ActiveCfg = Release|Any CPU
		{56C7E1E5-6293-4C87-A731-AAA86CAFE796}.Release|Any CPU.Build.0 = Release|Any CPU
	EndGlobalSection
	GlobalSection(NestedProjects) = preSolution
		{57871086-D3AF-4FD6-91A8-D5161524D538} = {987979C8-F36A-4CED-A8C5-74BE47454399}
		{B8E21F4A-3C7D-4A91-9E52-1F6B8C0D2E3A} = {987979C8-F36A-4CED-A8C5-74BE47454399}
		{C9F32A5B-4D8E-4B02-8F63-2A7C9D1E4F4B} = {987979C8-F36A-4CED-A8C5-74BE47454399}
		{D0A43B6C-5E9F-4C13-9064-3B8D0E2F506C} = {987979C8-F36A-4CED-A8C5-74BE47454399}
		{09A7AD13-37CA-4670-877E-51C4F954379A} = {76F28BB7-0D43-433F-AF8B-49BAE2F1510F}
		{E1B54C7D-6F0A-4D24-A175-4C9E1F30617D} = {76F28BB7-0D43-433F-AF8B-49BAE2F1510F}
		{F2C65D8E-701B-4E35-B286-5D0F2041728E} = {76F28BB7-0D43-433F-AF8B-49BAE2F1510F}
		{03D76E9F-812C-4F46-C397-6E103152839F} = {76F28BB7-0D43-433F-AF8B-49BAE2F1510F}
	EndGlobalSection
EndGlobal
